// !$*UTF8*$!
{
	archiveVersion = 1;
	classes = {
	};
	objectVersion = 56;
	objects = {

/* Begin PBXBuildFile section */
		1E2C4EE529FD90B700052CFE /* HomeSreen.swift in Sources */ = {isa = PBXBuildFile; fileRef = 1E2C4EE429FD90B700052CFE /* HomeSreen.swift */; };
		1E2C4EE729FD90CD00052CFE /* HomeViewController.swift in Sources */ = {isa = PBXBuildFile; fileRef = 1E2C4EE629FD90CD00052CFE /* HomeViewController.swift */; };
		1E384FE529DDC411005B64C0 /* LoginScreen.swift in Sources */ = {isa = PBXBuildFile; fileRef = 1E384FE429DDC411005B64C0 /* LoginScreen.swift */; };
		1E384FEB29DE2C82005B64C0 /* RegisterViewController.swift in Sources */ = {isa = PBXBuildFile; fileRef = 1E384FEA29DE2C82005B64C0 /* RegisterViewController.swift */; };
		1E384FED29DE2D7C005B64C0 /* RegisterScreen.swift in Sources */ = {isa = PBXBuildFile; fileRef = 1E384FEC29DE2D7C005B64C0 /* RegisterScreen.swift */; };
		1E384FF229DF5F7C005B64C0 /* GoogleService-Info.plist in Resources */ = {isa = PBXBuildFile; fileRef = 1E384FF129DF5F7C005B64C0 /* GoogleService-Info.plist */; };
		1E5FBD2829E44B88007A3A98 /* File.swift in Sources */ = {isa = PBXBuildFile; fileRef = 1E5FBD2729E44B88007A3A98 /* File.swift */; };
		1E77C1D32A24EE03000BB762 /* Extensions+UIView.swift in Sources */ = {isa = PBXBuildFile; fileRef = 1E77C1D22A24EE03000BB762 /* Extensions+UIView.swift */; };
		1E87C34C2A02C150007B9D5D /* CardTableViewCell.swift in Sources */ = {isa = PBXBuildFile; fileRef = 1E87C34B2A02C150007B9D5D /* CardTableViewCell.swift */; };
		1E87C34E2A02C2A1007B9D5D /* CardView.swift in Sources */ = {isa = PBXBuildFile; fileRef = 1E87C34D2A02C2A1007B9D5D /* CardView.swift */; };
		1E87C3522A02F289007B9D5D /* AccountMovementsView.swift in Sources */ = {isa = PBXBuildFile; fileRef = 1E87C3512A02F289007B9D5D /* AccountMovementsView.swift */; };
		1E87C3542A02F2B3007B9D5D /* AccountMovementsTableViewCell.swift in Sources */ = {isa = PBXBuildFile; fileRef = 1E87C3532A02F2B3007B9D5D /* AccountMovementsTableViewCell.swift */; };
		1E87C3572A02FC2F007B9D5D /* CardsCollectionViewCell.swift in Sources */ = {isa = PBXBuildFile; fileRef = 1E87C3562A02FC2F007B9D5D /* CardsCollectionViewCell.swift */; };
		1E87C3592A02FC4D007B9D5D /* CardsView.swift in Sources */ = {isa = PBXBuildFile; fileRef = 1E87C3582A02FC4D007B9D5D /* CardsView.swift */; };
		1E90A76329DDBA7F00683F94 /* AppDelegate.swift in Sources */ = {isa = PBXBuildFile; fileRef = 1E90A76229DDBA7F00683F94 /* AppDelegate.swift */; };
		1E90A76529DDBA7F00683F94 /* SceneDelegate.swift in Sources */ = {isa = PBXBuildFile; fileRef = 1E90A76429DDBA7F00683F94 /* SceneDelegate.swift */; };
		1E90A76729DDBA7F00683F94 /* LoginViewController.swift in Sources */ = {isa = PBXBuildFile; fileRef = 1E90A76629DDBA7F00683F94 /* LoginViewController.swift */; };
		1E90A76C29DDBA8300683F94 /* Assets.xcassets in Resources */ = {isa = PBXBuildFile; fileRef = 1E90A76B29DDBA8300683F94 /* Assets.xcassets */; };
		1E90A76F29DDBA8300683F94 /* LaunchScreen.storyboard in Resources */ = {isa = PBXBuildFile; fileRef = 1E90A76D29DDBA8300683F94 /* LaunchScreen.storyboard */; };
		1E955B2E2A00AC9500519E9D /* ButtonsScreen.swift in Sources */ = {isa = PBXBuildFile; fileRef = 1E955B2D2A00AC9500519E9D /* ButtonsScreen.swift */; };
		1E95D7CB29F60531000D7000 /* CardModel.swift in Sources */ = {isa = PBXBuildFile; fileRef = 1E95D7CA29F60531000D7000 /* CardModel.swift */; };
		59FDD5F34D761CAECCD1BD1E /* Pods_BinaryApp.framework in Frameworks */ = {isa = PBXBuildFile; fileRef = 170E44217BD2D7017AFECE75 /* Pods_BinaryApp.framework */; };
/* End PBXBuildFile section */

/* Begin PBXFileReference section */
		170E44217BD2D7017AFECE75 /* Pods_BinaryApp.framework */ = {isa = PBXFileReference; explicitFileType = wrapper.framework; includeInIndex = 0; path = Pods_BinaryApp.framework; sourceTree = BUILT_PRODUCTS_DIR; };
		1E2C4EE429FD90B700052CFE /* HomeSreen.swift */ = {isa = PBXFileReference; lastKnownFileType = sourcecode.swift; path = HomeSreen.swift; sourceTree = "<group>"; };
		1E2C4EE629FD90CD00052CFE /* HomeViewController.swift */ = {isa = PBXFileReference; lastKnownFileType = sourcecode.swift; path = HomeViewController.swift; sourceTree = "<group>"; };
		1E384FE429DDC411005B64C0 /* LoginScreen.swift */ = {isa = PBXFileReference; lastKnownFileType = sourcecode.swift; path = LoginScreen.swift; sourceTree = "<group>"; };
		1E384FEA29DE2C82005B64C0 /* RegisterViewController.swift */ = {isa = PBXFileReference; lastKnownFileType = sourcecode.swift; path = RegisterViewController.swift; sourceTree = "<group>"; };
		1E384FEC29DE2D7C005B64C0 /* RegisterScreen.swift */ = {isa = PBXFileReference; lastKnownFileType = sourcecode.swift; path = RegisterScreen.swift; sourceTree = "<group>"; };
		1E384FF129DF5F7C005B64C0 /* GoogleService-Info.plist */ = {isa = PBXFileReference; fileEncoding = 4; lastKnownFileType = text.plist.xml; path = "GoogleService-Info.plist"; sourceTree = "<group>"; };
		1E5FBD2729E44B88007A3A98 /* File.swift */ = {isa = PBXFileReference; lastKnownFileType = sourcecode.swift; path = File.swift; sourceTree = "<group>"; };
		1E77C1D22A24EE03000BB762 /* Extensions+UIView.swift */ = {isa = PBXFileReference; lastKnownFileType = sourcecode.swift; path = "Extensions+UIView.swift"; sourceTree = "<group>"; };
		1E87C34B2A02C150007B9D5D /* CardTableViewCell.swift */ = {isa = PBXFileReference; lastKnownFileType = sourcecode.swift; path = CardTableViewCell.swift; sourceTree = "<group>"; };
		1E87C34D2A02C2A1007B9D5D /* CardView.swift */ = {isa = PBXFileReference; lastKnownFileType = sourcecode.swift; path = CardView.swift; sourceTree = "<group>"; };
		1E87C3512A02F289007B9D5D /* AccountMovementsView.swift */ = {isa = PBXFileReference; lastKnownFileType = sourcecode.swift; path = AccountMovementsView.swift; sourceTree = "<group>"; };
		1E87C3532A02F2B3007B9D5D /* AccountMovementsTableViewCell.swift */ = {isa = PBXFileReference; lastKnownFileType = sourcecode.swift; path = AccountMovementsTableViewCell.swift; sourceTree = "<group>"; };
		1E87C3562A02FC2F007B9D5D /* CardsCollectionViewCell.swift */ = {isa = PBXFileReference; lastKnownFileType = sourcecode.swift; path = CardsCollectionViewCell.swift; sourceTree = "<group>"; };
		1E87C3582A02FC4D007B9D5D /* CardsView.swift */ = {isa = PBXFileReference; lastKnownFileType = sourcecode.swift; path = CardsView.swift; sourceTree = "<group>"; };
		1E90A75F29DDBA7F00683F94 /* BinaryApp.app */ = {isa = PBXFileReference; explicitFileType = wrapper.application; includeInIndex = 0; path = BinaryApp.app; sourceTree = BUILT_PRODUCTS_DIR; };
		1E90A76229DDBA7F00683F94 /* AppDelegate.swift */ = {isa = PBXFileReference; lastKnownFileType = sourcecode.swift; path = AppDelegate.swift; sourceTree = "<group>"; };
		1E90A76429DDBA7F00683F94 /* SceneDelegate.swift */ = {isa = PBXFileReference; lastKnownFileType = sourcecode.swift; path = SceneDelegate.swift; sourceTree = "<group>"; };
		1E90A76629DDBA7F00683F94 /* LoginViewController.swift */ = {isa = PBXFileReference; lastKnownFileType = sourcecode.swift; path = LoginViewController.swift; sourceTree = "<group>"; };
		1E90A76B29DDBA8300683F94 /* Assets.xcassets */ = {isa = PBXFileReference; lastKnownFileType = folder.assetcatalog; path = Assets.xcassets; sourceTree = "<group>"; };
		1E90A76E29DDBA8300683F94 /* Base */ = {isa = PBXFileReference; lastKnownFileType = file.storyboard; name = Base; path = Base.lproj/LaunchScreen.storyboard; sourceTree = "<group>"; };
		1E90A77029DDBA8300683F94 /* Info.plist */ = {isa = PBXFileReference; lastKnownFileType = text.plist.xml; path = Info.plist; sourceTree = "<group>"; };
		1E955B2D2A00AC9500519E9D /* ButtonsScreen.swift */ = {isa = PBXFileReference; lastKnownFileType = sourcecode.swift; path = ButtonsScreen.swift; sourceTree = "<group>"; };
		1E95D7CA29F60531000D7000 /* CardModel.swift */ = {isa = PBXFileReference; fileEncoding = 4; lastKnownFileType = sourcecode.swift; path = CardModel.swift; sourceTree = "<group>"; };
		79A8789825379955C89BF095 /* Pods-BinaryApp.release.xcconfig */ = {isa = PBXFileReference; includeInIndex = 1; lastKnownFileType = text.xcconfig; name = "Pods-BinaryApp.release.xcconfig"; path = "Target Support Files/Pods-BinaryApp/Pods-BinaryApp.release.xcconfig"; sourceTree = "<group>"; };
		A5A3E76D1D1BC2DF0A6A0BB9 /* Pods-BinaryApp.debug.xcconfig */ = {isa = PBXFileReference; includeInIndex = 1; lastKnownFileType = text.xcconfig; name = "Pods-BinaryApp.debug.xcconfig"; path = "Target Support Files/Pods-BinaryApp/Pods-BinaryApp.debug.xcconfig"; sourceTree = "<group>"; };
/* End PBXFileReference section */

/* Begin PBXFrameworksBuildPhase section */
		1E90A75C29DDBA7F00683F94 /* Frameworks */ = {
			isa = PBXFrameworksBuildPhase;
			buildActionMask = 2147483647;
			files = (
				59FDD5F34D761CAECCD1BD1E /* Pods_BinaryApp.framework in Frameworks */,
			);
			runOnlyForDeploymentPostprocessing = 0;
		};
/* End PBXFrameworksBuildPhase section */

/* Begin PBXGroup section */
		1E2C4EDF29FC0BB300052CFE /* Cell  */ = {
			isa = PBXGroup;
			children = (
				1E87C34F2A02F1D7007B9D5D /* Cards */,
				1E87C3502A02F1F4007B9D5D /* AccountMovements */,
			);
			path = "Cell ";
			sourceTree = "<group>";
		};
		1E384FE929DE2C2F005B64C0 /* Register */ = {
			isa = PBXGroup;
			children = (
				1E384FEC29DE2D7C005B64C0 /* RegisterScreen.swift */,
				1E384FEA29DE2C82005B64C0 /* RegisterViewController.swift */,
			);
			path = Register;
			sourceTree = "<group>";
		};
		1E384FEE29DE4F28005B64C0 /* Home */ = {
			isa = PBXGroup;
			children = (
				1E2C4EDF29FC0BB300052CFE /* Cell  */,
				1E2C4EE429FD90B700052CFE /* HomeSreen.swift */,
				1E2C4EE629FD90CD00052CFE /* HomeViewController.swift */,
				1E955B2C2A00AC1400519E9D /* Buttons */,
			);
			path = Home;
			sourceTree = "<group>";
		};
		1E5FBD2629E44B6C007A3A98 /* Alert */ = {
			isa = PBXGroup;
			children = (
				1E5FBD2729E44B88007A3A98 /* File.swift */,
			);
			path = Alert;
			sourceTree = "<group>";
		};
		1E77C1D12A24EDB4000BB762 /* Utils */ = {
			isa = PBXGroup;
			children = (
				1E77C1D22A24EE03000BB762 /* Extensions+UIView.swift */,
			);
			path = Utils;
			sourceTree = "<group>";
		};
		1E87C34F2A02F1D7007B9D5D /* Cards */ = {
			isa = PBXGroup;
			children = (
				1E87C34D2A02C2A1007B9D5D /* CardView.swift */,
				1E87C34B2A02C150007B9D5D /* CardTableViewCell.swift */,
				1E87C3552A02FB9B007B9D5D /* CollectionCell */,
			);
			path = Cards;
			sourceTree = "<group>";
		};
		1E87C3502A02F1F4007B9D5D /* AccountMovements */ = {
			isa = PBXGroup;
			children = (
				1E87C3512A02F289007B9D5D /* AccountMovementsView.swift */,
				1E87C3532A02F2B3007B9D5D /* AccountMovementsTableViewCell.swift */,
			);
			path = AccountMovements;
			sourceTree = "<group>";
		};
		1E87C3552A02FB9B007B9D5D /* CollectionCell */ = {
			isa = PBXGroup;
			children = (
				1E87C3582A02FC4D007B9D5D /* CardsView.swift */,
				1E87C3562A02FC2F007B9D5D /* CardsCollectionViewCell.swift */,
			);
			path = CollectionCell;
			sourceTree = "<group>";
		};
		1E90A75629DDBA7F00683F94 = {
			isa = PBXGroup;
			children = (
				1E90A76129DDBA7F00683F94 /* Revisao */,
				1E90A76029DDBA7F00683F94 /* Products */,
				D24816AF4A88C77AB298BE57 /* Pods */,
				E0AF82505A5EE5982228F4BF /* Frameworks */,
			);
			sourceTree = "<group>";
		};
		1E90A76029DDBA7F00683F94 /* Products */ = {
			isa = PBXGroup;
			children = (
				1E90A75F29DDBA7F00683F94 /* BinaryApp.app */,
			);
			name = Products;
			sourceTree = "<group>";
		};
		1E90A76129DDBA7F00683F94 /* Revisao */ = {
			isa = PBXGroup;
			children = (
				1E77C1D12A24EDB4000BB762 /* Utils */,
				1E95D7C929F60531000D7000 /* Model */,
				1E5FBD2629E44B6C007A3A98 /* Alert */,
				1E90A77629DDC25E00683F94 /* Login */,
				1E384FE929DE2C2F005B64C0 /* Register */,
				1E384FEE29DE4F28005B64C0 /* Home */,
				1E90A76229DDBA7F00683F94 /* AppDelegate.swift */,
				1E90A76429DDBA7F00683F94 /* SceneDelegate.swift */,
				1E90A76B29DDBA8300683F94 /* Assets.xcassets */,
				1E90A76D29DDBA8300683F94 /* LaunchScreen.storyboard */,
				1E90A77029DDBA8300683F94 /* Info.plist */,
				1E384FF129DF5F7C005B64C0 /* GoogleService-Info.plist */,
			);
			path = Revisao;
			sourceTree = "<group>";
		};
		1E90A77629DDC25E00683F94 /* Login */ = {
			isa = PBXGroup;
			children = (
				1E384FE429DDC411005B64C0 /* LoginScreen.swift */,
				1E90A76629DDBA7F00683F94 /* LoginViewController.swift */,
			);
			path = Login;
			sourceTree = "<group>";
		};
		1E955B2C2A00AC1400519E9D /* Buttons */ = {
			isa = PBXGroup;
			children = (
				1E955B2D2A00AC9500519E9D /* ButtonsScreen.swift */,
			);
			path = Buttons;
			sourceTree = "<group>";
		};
		1E95D7C929F60531000D7000 /* Model */ = {
			isa = PBXGroup;
			children = (
				1E95D7CA29F60531000D7000 /* CardModel.swift */,
			);
			path = Model;
			sourceTree = "<group>";
		};
		D24816AF4A88C77AB298BE57 /* Pods */ = {
			isa = PBXGroup;
			children = (
				A5A3E76D1D1BC2DF0A6A0BB9 /* Pods-BinaryApp.debug.xcconfig */,
				79A8789825379955C89BF095 /* Pods-BinaryApp.release.xcconfig */,
			);
			path = Pods;
			sourceTree = "<group>";
		};
		E0AF82505A5EE5982228F4BF /* Frameworks */ = {
			isa = PBXGroup;
			children = (
				170E44217BD2D7017AFECE75 /* Pods_BinaryApp.framework */,
			);
			name = Frameworks;
			sourceTree = "<group>";
		};
/* End PBXGroup section */

/* Begin PBXNativeTarget section */
		1E90A75E29DDBA7F00683F94 /* BinaryApp */ = {
			isa = PBXNativeTarget;
			buildConfigurationList = 1E90A77329DDBA8300683F94 /* Build configuration list for PBXNativeTarget "BinaryApp" */;
			buildPhases = (
				1B8375A2357116497F603DF3 /* [CP] Check Pods Manifest.lock */,
				1E90A75B29DDBA7F00683F94 /* Sources */,
				1E90A75C29DDBA7F00683F94 /* Frameworks */,
				1E90A75D29DDBA7F00683F94 /* Resources */,
				08FAB396A9638A6A11E9094A /* [CP] Embed Pods Frameworks */,
			);
			buildRules = (
			);
			dependencies = (
			);
			name = BinaryApp;
			productName = Revisao;
			productReference = 1E90A75F29DDBA7F00683F94 /* BinaryApp.app */;
			productType = "com.apple.product-type.application";
		};
/* End PBXNativeTarget section */

/* Begin PBXProject section */
		1E90A75729DDBA7F00683F94 /* Project object */ = {
			isa = PBXProject;
			attributes = {
				BuildIndependentTargetsInParallel = 1;
				LastSwiftUpdateCheck = 1420;
				LastUpgradeCheck = 1420;
				TargetAttributes = {
					1E90A75E29DDBA7F00683F94 = {
						CreatedOnToolsVersion = 14.2;
					};
				};
			};
			buildConfigurationList = 1E90A75A29DDBA7F00683F94 /* Build configuration list for PBXProject "BinaryApp" */;
			compatibilityVersion = "Xcode 14.0";
			developmentRegion = en;
			hasScannedForEncodings = 0;
			knownRegions = (
				en,
				Base,
			);
			mainGroup = 1E90A75629DDBA7F00683F94;
			productRefGroup = 1E90A76029DDBA7F00683F94 /* Products */;
			projectDirPath = "";
			projectRoot = "";
			targets = (
				1E90A75E29DDBA7F00683F94 /* BinaryApp */,
			);
		};
/* End PBXProject section */

/* Begin PBXResourcesBuildPhase section */
		1E90A75D29DDBA7F00683F94 /* Resources */ = {
			isa = PBXResourcesBuildPhase;
			buildActionMask = 2147483647;
			files = (
				1E90A76F29DDBA8300683F94 /* LaunchScreen.storyboard in Resources */,
				1E384FF229DF5F7C005B64C0 /* GoogleService-Info.plist in Resources */,
				1E90A76C29DDBA8300683F94 /* Assets.xcassets in Resources */,
			);
			runOnlyForDeploymentPostprocessing = 0;
		};
/* End PBXResourcesBuildPhase section */

/* Begin PBXShellScriptBuildPhase section */
		08FAB396A9638A6A11E9094A /* [CP] Embed Pods Frameworks */ = {
			isa = PBXShellScriptBuildPhase;
			buildActionMask = 2147483647;
			files = (
			);
			inputFileListPaths = (
				"${PODS_ROOT}/Target Support Files/Pods-BinaryApp/Pods-BinaryApp-frameworks-${CONFIGURATION}-input-files.xcfilelist",
			);
			name = "[CP] Embed Pods Frameworks";
			outputFileListPaths = (
				"${PODS_ROOT}/Target Support Files/Pods-BinaryApp/Pods-BinaryApp-frameworks-${CONFIGURATION}-output-files.xcfilelist",
			);
			runOnlyForDeploymentPostprocessing = 0;
			shellPath = /bin/sh;
			shellScript = "\"${PODS_ROOT}/Target Support Files/Pods-BinaryApp/Pods-BinaryApp-frameworks.sh\"\n";
			showEnvVarsInLog = 0;
		};
		1B8375A2357116497F603DF3 /* [CP] Check Pods Manifest.lock */ = {
			isa = PBXShellScriptBuildPhase;
			buildActionMask = 2147483647;
			files = (
			);
			inputFileListPaths = (
			);
			inputPaths = (
				"${PODS_PODFILE_DIR_PATH}/Podfile.lock",
				"${PODS_ROOT}/Manifest.lock",
			);
			name = "[CP] Check Pods Manifest.lock";
			outputFileListPaths = (
			);
			outputPaths = (
				"$(DERIVED_FILE_DIR)/Pods-BinaryApp-checkManifestLockResult.txt",
			);
			runOnlyForDeploymentPostprocessing = 0;
			shellPath = /bin/sh;
			shellScript = "diff \"${PODS_PODFILE_DIR_PATH}/Podfile.lock\" \"${PODS_ROOT}/Manifest.lock\" > /dev/null\nif [ $? != 0 ] ; then\n    # print error to STDERR\n    echo \"error: The sandbox is not in sync with the Podfile.lock. Run 'pod install' or update your CocoaPods installation.\" >&2\n    exit 1\nfi\n# This output is used by Xcode 'outputs' to avoid re-running this script phase.\necho \"SUCCESS\" > \"${SCRIPT_OUTPUT_FILE_0}\"\n";
			showEnvVarsInLog = 0;
		};
/* End PBXShellScriptBuildPhase section */

/* Begin PBXSourcesBuildPhase section */
		1E90A75B29DDBA7F00683F94 /* Sources */ = {
			isa = PBXSourcesBuildPhase;
			buildActionMask = 2147483647;
			files = (
				1E77C1D32A24EE03000BB762 /* Extensions+UIView.swift in Sources */,
				1E384FED29DE2D7C005B64C0 /* RegisterScreen.swift in Sources */,
				1E95D7CB29F60531000D7000 /* CardModel.swift in Sources */,
				1E90A76729DDBA7F00683F94 /* LoginViewController.swift in Sources */,
				1E87C3522A02F289007B9D5D /* AccountMovementsView.swift in Sources */,
				1E384FEB29DE2C82005B64C0 /* RegisterViewController.swift in Sources */,
				1E384FE529DDC411005B64C0 /* LoginScreen.swift in Sources */,
				1E87C3592A02FC4D007B9D5D /* CardsView.swift in Sources */,
				1E90A76329DDBA7F00683F94 /* AppDelegate.swift in Sources */,
				1E2C4EE529FD90B700052CFE /* HomeSreen.swift in Sources */,
				1E87C34E2A02C2A1007B9D5D /* CardView.swift in Sources */,
				1E87C34C2A02C150007B9D5D /* CardTableViewCell.swift in Sources */,
				1E5FBD2829E44B88007A3A98 /* File.swift in Sources */,
				1E90A76529DDBA7F00683F94 /* SceneDelegate.swift in Sources */,
				1E87C3572A02FC2F007B9D5D /* CardsCollectionViewCell.swift in Sources */,
				1E2C4EE729FD90CD00052CFE /* HomeViewController.swift in Sources */,
				1E955B2E2A00AC9500519E9D /* ButtonsScreen.swift in Sources */,
				1E87C3542A02F2B3007B9D5D /* AccountMovementsTableViewCell.swift in Sources */,
			);
			runOnlyForDeploymentPostprocessing = 0;
		};
/* End PBXSourcesBuildPhase section */

/* Begin PBXVariantGroup section */
		1E90A76D29DDBA8300683F94 /* LaunchScreen.storyboard */ = {
			isa = PBXVariantGroup;
			children = (
				1E90A76E29DDBA8300683F94 /* Base */,
			);
			name = LaunchScreen.storyboard;
			sourceTree = "<group>";
		};
/* End PBXVariantGroup section */

/* Begin XCBuildConfiguration section */
		1E90A77129DDBA8300683F94 /* Debug */ = {
			isa = XCBuildConfiguration;
			buildSettings = {
				ALWAYS_SEARCH_USER_PATHS = NO;
				CLANG_ANALYZER_NONNULL = YES;
				CLANG_ANALYZER_NUMBER_OBJECT_CONVERSION = YES_AGGRESSIVE;
				CLANG_CXX_LANGUAGE_STANDARD = "gnu++20";
				CLANG_ENABLE_MODULES = YES;
				CLANG_ENABLE_OBJC_ARC = YES;
				CLANG_ENABLE_OBJC_WEAK = YES;
				CLANG_WARN_BLOCK_CAPTURE_AUTORELEASING = YES;
				CLANG_WARN_BOOL_CONVERSION = YES;
				CLANG_WARN_COMMA = YES;
				CLANG_WARN_CONSTANT_CONVERSION = YES;
				CLANG_WARN_DEPRECATED_OBJC_IMPLEMENTATIONS = YES;
				CLANG_WARN_DIRECT_OBJC_ISA_USAGE = YES_ERROR;
				CLANG_WARN_DOCUMENTATION_COMMENTS = YES;
				CLANG_WARN_EMPTY_BODY = YES;
				CLANG_WARN_ENUM_CONVERSION = YES;
				CLANG_WARN_INFINITE_RECURSION = YES;
				CLANG_WARN_INT_CONVERSION = YES;
				CLANG_WARN_NON_LITERAL_NULL_CONVERSION = YES;
				CLANG_WARN_OBJC_IMPLICIT_RETAIN_SELF = YES;
				CLANG_WARN_OBJC_LITERAL_CONVERSION = YES;
				CLANG_WARN_OBJC_ROOT_CLASS = YES_ERROR;
				CLANG_WARN_QUOTED_INCLUDE_IN_FRAMEWORK_HEADER = YES;
				CLANG_WARN_RANGE_LOOP_ANALYSIS = YES;
				CLANG_WARN_STRICT_PROTOTYPES = YES;
				CLANG_WARN_SUSPICIOUS_MOVE = YES;
				CLANG_WARN_UNGUARDED_AVAILABILITY = YES_AGGRESSIVE;
				CLANG_WARN_UNREACHABLE_CODE = YES;
				CLANG_WARN__DUPLICATE_METHOD_MATCH = YES;
				COPY_PHASE_STRIP = NO;
				DEBUG_INFORMATION_FORMAT = dwarf;
				ENABLE_STRICT_OBJC_MSGSEND = YES;
				ENABLE_TESTABILITY = YES;
				GCC_C_LANGUAGE_STANDARD = gnu11;
				GCC_DYNAMIC_NO_PIC = NO;
				GCC_NO_COMMON_BLOCKS = YES;
				GCC_OPTIMIZATION_LEVEL = 0;
				GCC_PREPROCESSOR_DEFINITIONS = (
					"DEBUG=1",
					"$(inherited)",
				);
				GCC_WARN_64_TO_32_BIT_CONVERSION = YES;
				GCC_WARN_ABOUT_RETURN_TYPE = YES_ERROR;
				GCC_WARN_UNDECLARED_SELECTOR = YES;
				GCC_WARN_UNINITIALIZED_AUTOS = YES_AGGRESSIVE;
				GCC_WARN_UNUSED_FUNCTION = YES;
				GCC_WARN_UNUSED_VARIABLE = YES;
				IPHONEOS_DEPLOYMENT_TARGET = 16.2;
				MTL_ENABLE_DEBUG_INFO = INCLUDE_SOURCE;
				MTL_FAST_MATH = YES;
				ONLY_ACTIVE_ARCH = YES;
				SDKROOT = iphoneos;
				SWIFT_ACTIVE_COMPILATION_CONDITIONS = DEBUG;
				SWIFT_OPTIMIZATION_LEVEL = "-Onone";
			};
			name = Debug;
		};
		1E90A77229DDBA8300683F94 /* Release */ = {
			isa = XCBuildConfiguration;
			buildSettings = {
				ALWAYS_SEARCH_USER_PATHS = NO;
				CLANG_ANALYZER_NONNULL = YES;
				CLANG_ANALYZER_NUMBER_OBJECT_CONVERSION = YES_AGGRESSIVE;
				CLANG_CXX_LANGUAGE_STANDARD = "gnu++20";
				CLANG_ENABLE_MODULES = YES;
				CLANG_ENABLE_OBJC_ARC = YES;
				CLANG_ENABLE_OBJC_WEAK = YES;
				CLANG_WARN_BLOCK_CAPTURE_AUTORELEASING = YES;
				CLANG_WARN_BOOL_CONVERSION = YES;
				CLANG_WARN_COMMA = YES;
				CLANG_WARN_CONSTANT_CONVERSION = YES;
				CLANG_WARN_DEPRECATED_OBJC_IMPLEMENTATIONS = YES;
				CLANG_WARN_DIRECT_OBJC_ISA_USAGE = YES_ERROR;
				CLANG_WARN_DOCUMENTATION_COMMENTS = YES;
				CLANG_WARN_EMPTY_BODY = YES;
				CLANG_WARN_ENUM_CONVERSION = YES;
				CLANG_WARN_INFINITE_RECURSION = YES;
				CLANG_WARN_INT_CONVERSION = YES;
				CLANG_WARN_NON_LITERAL_NULL_CONVERSION = YES;
				CLANG_WARN_OBJC_IMPLICIT_RETAIN_SELF = YES;
				CLANG_WARN_OBJC_LITERAL_CONVERSION = YES;
				CLANG_WARN_OBJC_ROOT_CLASS = YES_ERROR;
				CLANG_WARN_QUOTED_INCLUDE_IN_FRAMEWORK_HEADER = YES;
				CLANG_WARN_RANGE_LOOP_ANALYSIS = YES;
				CLANG_WARN_STRICT_PROTOTYPES = YES;
				CLANG_WARN_SUSPICIOUS_MOVE = YES;
				CLANG_WARN_UNGUARDED_AVAILABILITY = YES_AGGRESSIVE;
				CLANG_WARN_UNREACHABLE_CODE = YES;
				CLANG_WARN__DUPLICATE_METHOD_MATCH = YES;
				COPY_PHASE_STRIP = NO;
				DEBUG_INFORMATION_FORMAT = "dwarf-with-dsym";
				ENABLE_NS_ASSERTIONS = NO;
				ENABLE_STRICT_OBJC_MSGSEND = YES;
				GCC_C_LANGUAGE_STANDARD = gnu11;
				GCC_NO_COMMON_BLOCKS = YES;
				GCC_WARN_64_TO_32_BIT_CONVERSION = YES;
				GCC_WARN_ABOUT_RETURN_TYPE = YES_ERROR;
				GCC_WARN_UNDECLARED_SELECTOR = YES;
				GCC_WARN_UNINITIALIZED_AUTOS = YES_AGGRESSIVE;
				GCC_WARN_UNUSED_FUNCTION = YES;
				GCC_WARN_UNUSED_VARIABLE = YES;
				IPHONEOS_DEPLOYMENT_TARGET = 16.2;
				MTL_ENABLE_DEBUG_INFO = NO;
				MTL_FAST_MATH = YES;
				SDKROOT = iphoneos;
				SWIFT_COMPILATION_MODE = wholemodule;
				SWIFT_OPTIMIZATION_LEVEL = "-O";
				VALIDATE_PRODUCT = YES;
			};
			name = Release;
		};
		1E90A77429DDBA8300683F94 /* Debug */ = {
			isa = XCBuildConfiguration;
			baseConfigurationReference = A5A3E76D1D1BC2DF0A6A0BB9 /* Pods-BinaryApp.debug.xcconfig */;
			buildSettings = {
				ASSETCATALOG_COMPILER_APPICON_NAME = AppIcon;
				ASSETCATALOG_COMPILER_GLOBAL_ACCENT_COLOR_NAME = AccentColor;
				CODE_SIGN_STYLE = Automatic;
				CURRENT_PROJECT_VERSION = 1;
				GENERATE_INFOPLIST_FILE = YES;
				INFOPLIST_FILE = Revisao/Info.plist;
				INFOPLIST_KEY_UIApplicationSupportsIndirectInputEvents = YES;
				INFOPLIST_KEY_UILaunchStoryboardName = LaunchScreen;
				INFOPLIST_KEY_UISupportedInterfaceOrientations_iPad = "UIInterfaceOrientationPortrait UIInterfaceOrientationPortraitUpsideDown UIInterfaceOrientationLandscapeLeft UIInterfaceOrientationLandscapeRight";
				INFOPLIST_KEY_UISupportedInterfaceOrientations_iPhone = "UIInterfaceOrientationPortrait UIInterfaceOrientationLandscapeLeft UIInterfaceOrientationLandscapeRight";
				LD_RUNPATH_SEARCH_PATHS = (
					"$(inherited)",
					"@executable_path/Frameworks",
				);
				MARKETING_VERSION = 1.0;
				PRODUCT_BUNDLE_IDENTIFIER = ihanCarlos.Binary;
				PRODUCT_NAME = "$(TARGET_NAME)";
				SUPPORTED_PLATFORMS = "iphoneos iphonesimulator";
				SUPPORTS_MACCATALYST = NO;
				SUPPORTS_MAC_DESIGNED_FOR_IPHONE_IPAD = NO;
				SWIFT_EMIT_LOC_STRINGS = YES;
				SWIFT_VERSION = 5.0;
				TARGETED_DEVICE_FAMILY = 1;
			};
			name = Debug;
		};
		1E90A77529DDBA8300683F94 /* Release */ = {
			isa = XCBuildConfiguration;
			baseConfigurationReference = 79A8789825379955C89BF095 /* Pods-BinaryApp.release.xcconfig */;
			buildSettings = {
				ASSETCATALOG_COMPILER_APPICON_NAME = AppIcon;
				ASSETCATALOG_COMPILER_GLOBAL_ACCENT_COLOR_NAME = AccentColor;
				CODE_SIGN_STYLE = Automatic;
				CURRENT_PROJECT_VERSION = 1;
				GENERATE_INFOPLIST_FILE = YES;
				INFOPLIST_FILE = Revisao/Info.plist;
				INFOPLIST_KEY_UIApplicationSupportsIndirectInputEvents = YES;
				INFOPLIST_KEY_UILaunchStoryboardName = LaunchScreen;
				INFOPLIST_KEY_UISupportedInterfaceOrientations_iPad = "UIInterfaceOrientationPortrait UIInterfaceOrientationPortraitUpsideDown UIInterfaceOrientationLandscapeLeft UIInterfaceOrientationLandscapeRight";
				INFOPLIST_KEY_UISupportedInterfaceOrientations_iPhone = "UIInterfaceOrientationPortrait UIInterfaceOrientationLandscapeLeft UIInterfaceOrientationLandscapeRight";
				LD_RUNPATH_SEARCH_PATHS = (
					"$(inherited)",
					"@executable_path/Frameworks",
				);
				MARKETING_VERSION = 1.0;
				PRODUCT_BUNDLE_IDENTIFIER = ihanCarlos.Binary;
				PRODUCT_NAME = "$(TARGET_NAME)";
				SUPPORTED_PLATFORMS = "iphoneos iphonesimulator";
				SUPPORTS_MACCATALYST = NO;
				SUPPORTS_MAC_DESIGNED_FOR_IPHONE_IPAD = NO;
				SWIFT_EMIT_LOC_STRINGS = YES;
				SWIFT_VERSION = 5.0;
				TARGETED_DEVICE_FAMILY = 1;
			};
			name = Release;
		};
/* End XCBuildConfiguration section */

/* Begin XCConfigurationList section */
		1E90A75A29DDBA7F00683F94 /* Build configuration list for PBXProject "BinaryApp" */ = {
			isa = XCConfigurationList;
			buildConfigurations = (
				1E90A77129DDBA8300683F94 /* Debug */,
				1E90A77229DDBA8300683F94 /* Release */,
			);
			defaultConfigurationIsVisible = 0;
			defaultConfigurationName = Release;
		};
		1E90A77329DDBA8300683F94 /* Build configuration list for PBXNativeTarget "BinaryApp" */ = {
			isa = XCConfigurationList;
			buildConfigurations = (
				1E90A77429DDBA8300683F94 /* Debug */,
				1E90A77529DDBA8300683F94 /* Release */,
			);
			defaultConfigurationIsVisible = 0;
			defaultConfigurationName = Release;
		};
/* End XCConfigurationList section */
	};
	rootObject = 1E90A75729DDBA7F00683F94 /* Project object */;
}
